
Microsoft Visual Studio Solution File, Format Version 12.00
# Visual Studio 15
VisualStudioVersion = 15.0.28010.2046
MinimumVisualStudioVersion = 10.0.40219.1
Project("{FAE04EC0-301F-11D3-BF4B-00C04F79EFBC}") = "Grades", "Grades.csproj", "{609A7D17-C79F-45E6-B5AE-31E590690EB9}"
EndProject
Project("{FAE04EC0-301F-11D3-BF4B-00C04F79EFBC}") = "Grades.Tests", "Grade.Tests\Grades.Tests.csproj", "{B96E0F29-5D6F-477F-AE5C-BBE1D3E8B391}"
EndProject
Global
	GlobalSection(SolutionConfigurationPlatforms) = preSolution
		Debug|Any CPU = Debug|Any CPU
		Release|Any CPU = Release|Any CPU
	EndGlobalSection
	GlobalSection(ProjectConfigurationPlatforms) = postSolution
		{609A7D17-C79F-45E6-B5AE-31E590690EB9}.Debug|Any CPU.ActiveCfg = Debug|Any CPU
		{609A7D17-C79F-45E6-B5AE-31E590690EB9}.Debug|Any CPU.Build.0 = Debug|Any CPU
		{609A7D17-C79F-45E6-B5AE-31E590690EB9}.Release|Any CPU.ActiveCfg = Release|Any CPU
		{609A7D17-C79F-45E6-B5AE-31E590690EB9}.Release|Any CPU.Build.0 = Release|Any CPU
		{B96E0F29-5D6F-477F-AE5C-BBE1D3E8B391}.Debug|Any CPU.ActiveCfg = Debug|Any CPU
		{B96E0F29-5D6F-477F-AE5C-BBE1D3E8B391}.Debug|Any CPU.Build.0 = Debug|Any CPU
		{B96E0F29-5D6F-477F-AE5C-BBE1D3E8B391}.Release|Any CPU.ActiveCfg = Release|Any CPU
		{B96E0F29-5D6F-477F-AE5C-BBE1D3E8B391}.Release|Any CPU.Build.0 = Release|Any CPU
	EndGlobalSection
	GlobalSection(SolutionProperties) = preSolution
		HideSolutionNode = FALSE
	EndGlobalSection
	GlobalSection(ExtensibilityGlobals) = postSolution
		SolutionGuid = {53BB66F3-35D9-4787-A709-52E439F85ACC}
	EndGlobalSection
EndGlobal
